
Microsoft Visual Studio Solution File, Format Version 12.00
# Visual Studio 15
VisualStudioVersion = 15.0.28307.438
MinimumVisualStudioVersion = 10.0.40219.1
Project("{FAE04EC0-301F-11D3-BF4B-00C04F79EFBC}") = "UmbracoHangfire", "UmbracoHangfire\UmbracoHangfire.csproj", "{BF67489C-95DF-458B-A3C5-2C5DC4EE16B1}"
EndProject
Global
	GlobalSection(SolutionConfigurationPlatforms) = preSolution
		Debug|Any CPU = Debug|Any CPU
		Release|Any CPU = Release|Any CPU
	EndGlobalSection
	GlobalSection(ProjectConfigurationPlatforms) = postSolution
		{BF67489C-95DF-458B-A3C5-2C5DC4EE16B1}.Debug|Any CPU.ActiveCfg = Debug|Any CPU
		{BF67489C-95DF-458B-A3C5-2C5DC4EE16B1}.Debug|Any CPU.Build.0 = Debug|Any CPU
		{BF67489C-95DF-458B-A3C5-2C5DC4EE16B1}.Release|Any CPU.ActiveCfg = Release|Any CPU
		{BF67489C-95DF-458B-A3C5-2C5DC4EE16B1}.Release|Any CPU.Build.0 = Release|Any CPU
	EndGlobalSection
	GlobalSection(SolutionProperties) = preSolution
		HideSolutionNode = FALSE
	EndGlobalSection
	GlobalSection(ExtensibilityGlobals) = postSolution
		SolutionGuid = {E45900B3-7836-4F33-BE92-E2DC37C457AD}
	EndGlobalSection
EndGlobal
